
Microsoft Visual Studio Solution File, Format Version 12.00
# Visual Studio Version 17
VisualStudioVersion = 17.4.33103.184
MinimumVisualStudioVersion = 10.0.40219.1
Project("{FAE04EC0-301F-11D3-BF4B-00C04F79EFBC}") = "TryBackGroundService", "TryBackGroundService\TryBackGroundService.csproj", "{D47D7034-F5D0-490B-ACD3-29EA264FBCFE}"
EndProject
Global
	GlobalSection(SolutionConfigurationPlatforms) = preSolution
		Debug|Any CPU = Debug|Any CPU
		Release|Any CPU = Release|Any CPU
	EndGlobalSection
	GlobalSection(ProjectConfigurationPlatforms) = postSolution
		{D47D7034-F5D0-490B-ACD3-29EA264FBCFE}.Debug|Any CPU.ActiveCfg = Debug|Any CPU
		{D47D7034-F5D0-490B-ACD3-29EA264FBCFE}.Debug|Any CPU.Build.0 = Debug|Any CPU
		{D47D7034-F5D0-490B-ACD3-29EA264FBCFE}.Release|Any CPU.ActiveCfg = Release|Any CPU
		{D47D7034-F5D0-490B-ACD3-29EA264FBCFE}.Release|Any CPU.Build.0 = Release|Any CPU
	EndGlobalSection
	GlobalSection(SolutionProperties) = preSolution
		HideSolutionNode = FALSE
	EndGlobalSection
	GlobalSection(ExtensibilityGlobals) = postSolution
		SolutionGuid = {1DA5151D-7D98-4E66-BFC3-F95AFA7246B4}
	EndGlobalSection
EndGlobal
